Microsoft Visual Studio Solution File, Format Version 12.00
# Visual Studio 2012
Project("{FAE04EC0-301F-11D3-BF4B-00C04F79EFBC}") = "Snake", "Snake.csproj", "{F7A768DD-B8B9-4DB6-9328-25055AF34D81}"
EndProject
Global
	GlobalSection(SolutionConfigurationPlatforms) = preSolution
	Debug|Any CPU = Debug|Any CPU
	ExportDebug|Any CPU = ExportDebug|Any CPU
	ExportRelease|Any CPU = ExportRelease|Any CPU
	EndGlobalSection
	GlobalSection(ProjectConfigurationPlatforms) = postSolution
		{F7A768DD-B8B9-4DB6-9328-25055AF34D81}.Debug|Any CPU.ActiveCfg = Debug|Any CPU
		{F7A768DD-B8B9-4DB6-9328-25055AF34D81}.Debug|Any CPU.Build.0 = Debug|Any CPU
		{F7A768DD-B8B9-4DB6-9328-25055AF34D81}.ExportDebug|Any CPU.ActiveCfg = ExportDebug|Any CPU
		{F7A768DD-B8B9-4DB6-9328-25055AF34D81}.ExportDebug|Any CPU.Build.0 = ExportDebug|Any CPU
		{F7A768DD-B8B9-4DB6-9328-25055AF34D81}.ExportRelease|Any CPU.ActiveCfg = ExportRelease|Any CPU
		{F7A768DD-B8B9-4DB6-9328-25055AF34D81}.ExportRelease|Any CPU.Build.0 = ExportRelease|Any CPU
	EndGlobalSection
EndGlobal
